
Microsoft Visual Studio Solution File, Format Version 12.00
# Visual Studio Version 17
VisualStudioVersion = 17.5.002.0
MinimumVisualStudioVersion = 10.0.40219.1
Project("{2150E333-8FDC-42A3-9474-1A3956D46DE8}") = "DotNet", "DotNet", "{DE27D625-4EEC-4D24-8B8B-348F91328E72}"
EndProject
Project("{9A19103F-16F7-4668-BE54-9A1E7A4F7556}") = "1. C#(cSharp)", "DotNet\1. C#(cSharp)\1. C#(cSharp).csproj", "{6EB59F70-A919-4867-8207-448B3DD39214}"
EndProject
Global
	GlobalSection(SolutionConfigurationPlatforms) = preSolution
		Debug|Any CPU = Debug|Any CPU
		Release|Any CPU = Release|Any CPU
	EndGlobalSection
	GlobalSection(ProjectConfigurationPlatforms) = postSolution
		{6EB59F70-A919-4867-8207-448B3DD39214}.Debug|Any CPU.ActiveCfg = Debug|Any CPU
		{6EB59F70-A919-4867-8207-448B3DD39214}.Debug|Any CPU.Build.0 = Debug|Any CPU
		{6EB59F70-A919-4867-8207-448B3DD39214}.Release|Any CPU.ActiveCfg = Release|Any CPU
		{6EB59F70-A919-4867-8207-448B3DD39214}.Release|Any CPU.Build.0 = Release|Any CPU
	EndGlobalSection
	GlobalSection(SolutionProperties) = preSolution
		HideSolutionNode = FALSE
	EndGlobalSection
	GlobalSection(NestedProjects) = preSolution
		{6EB59F70-A919-4867-8207-448B3DD39214} = {DE27D625-4EEC-4D24-8B8B-348F91328E72}
	EndGlobalSection
	GlobalSection(ExtensibilityGlobals) = postSolution
		SolutionGuid = {E6CEAFB9-E475-4554-B53C-9610C2DDC0A6}
	EndGlobalSection
EndGlobal
